
Microsoft Visual Studio Solution File, Format Version 12.00
# Visual Studio 2012
Project("{FAE04EC0-301F-11D3-BF4B-00C04F79EFBC}") = "MyNNConsoleApp", "MyNNConsoleApp\MyNNConsoleApp.csproj", "{0D8AC7A6-61BE-4503-B3E9-63B4BA0560C5}"
EndProject
Project("{FAE04EC0-301F-11D3-BF4B-00C04F79EFBC}") = "MyNN.Tests", "MyNN.Tests\MyNN.Tests.csproj", "{7053F7AA-E7AE-4FE9-9FC9-BC2AE6D4E123}"
EndProject
Project("{2150E333-8FDC-42A3-9474-1A3956D46DE8}") = "Solution Items", "Solution Items", "{4A6002FD-6F16-4680-A699-7B1B021C6B26}"
	ProjectSection(SolutionItems) = preProject
		Local.testsettings = Local.testsettings
		MyNN.vsmdi = MyNN.vsmdi
		TraceAndTestImpact.testsettings = TraceAndTestImpact.testsettings
	EndProjectSection
EndProject
Project("{2150E333-8FDC-42A3-9474-1A3956D46DE8}") = ".nuget", ".nuget", "{5EFC91A6-D4BD-4E9C-87DE-EF49CC0ABFBA}"
	ProjectSection(SolutionItems) = preProject
		.nuget\NuGet.Config = .nuget\NuGet.Config
		.nuget\NuGet.exe = .nuget\NuGet.exe
		.nuget\NuGet.targets = .nuget\NuGet.targets
	EndProjectSection
EndProject
Project("{FAE04EC0-301F-11D3-BF4B-00C04F79EFBC}") = "System.Half", "csharp-half-code-2\System.Half\System.Half.csproj", "{1C871681-737C-45F4-9CE4-045366491A46}"
EndProject
Project("{FAE04EC0-301F-11D3-BF4B-00C04F79EFBC}") = "OpenCL.Net.Wrapper", "OpenCL.Net.Wrapper\OpenCL.Net.Wrapper.csproj", "{A405C95D-FECE-488D-A6A4-B8C6FA184880}"
EndProject
Project("{FAE04EC0-301F-11D3-BF4B-00C04F79EFBC}") = "MyNN.Common", "MyNN.Common\MyNN.Common.csproj", "{2E34B41A-E15F-434C-9554-9BDF5F4ECCC9}"
EndProject
Project("{FAE04EC0-301F-11D3-BF4B-00C04F79EFBC}") = "MyNN.KNN", "MyNN.KNN\MyNN.KNN.csproj", "{4571E6E7-2081-4B82-BBCA-4B0110AD7FE4}"
EndProject
Project("{FAE04EC0-301F-11D3-BF4B-00C04F79EFBC}") = "MyNN.Boltzmann", "MyNN.Boltzmann\MyNN.Boltzmann.csproj", "{38425657-EBED-4875-9931-8DBA640203BE}"
EndProject
Project("{2150E333-8FDC-42A3-9474-1A3956D46DE8}") = "MyNN Library", "MyNN Library", "{595D62B6-F207-41CC-B427-43F7CF8E799C}"
EndProject
Project("{2150E333-8FDC-42A3-9474-1A3956D46DE8}") = "$external", "$external", "{E1D26986-4778-414E-95A3-A6ACC93E96E7}"
EndProject
Project("{FAE04EC0-301F-11D3-BF4B-00C04F79EFBC}") = "MyNN.MLP", "MyNN.MLP\MyNN.MLP.csproj", "{3FFF29DB-D717-48CB-A221-37F3E397A80E}"
EndProject
Project("{2150E333-8FDC-42A3-9474-1A3956D46DE8}") = "MLP", "MLP", "{62E6909B-78F7-4930-A790-FAB1F0205454}"
EndProject
Project("{FAE04EC0-301F-11D3-BF4B-00C04F79EFBC}") = "MyNN.MLP.Classic", "MyNN.MLP.Classic\MyNN.MLP.Classic.csproj", "{5843D1AD-3601-4738-89AB-1151CCAD167B}"
EndProject
Project("{FAE04EC0-301F-11D3-BF4B-00C04F79EFBC}") = "MyNN.MLP.DropConnect", "MyNN.MLP.DropConnect\MyNN.MLP.DropConnect.csproj", "{6B97FBA5-C72D-4BEA-88FB-D2C2C115E470}"
EndProject
Project("{FAE04EC0-301F-11D3-BF4B-00C04F79EFBC}") = "MyNN.MLP.NLNCA", "MyNN.MLP.NLNCA\MyNN.MLP.NLNCA.csproj", "{5A82E05A-C2DA-42F4-A5F7-C79355E48E5F}"
EndProject
Project("{2150E333-8FDC-42A3-9474-1A3956D46DE8}") = "Classic", "Classic", "{913B603D-BE1A-4352-B10D-2E0E931ABC05}"
EndProject
Project("{2150E333-8FDC-42A3-9474-1A3956D46DE8}") = "DropConnect", "DropConnect", "{C7644C16-3A9C-4FF5-B66F-B60E4C05452F}"
EndProject
Project("{2150E333-8FDC-42A3-9474-1A3956D46DE8}") = "NLNCA", "NLNCA", "{F1063780-DD53-4794-940B-120B36B41FA8}"
EndProject
Project("{FAE04EC0-301F-11D3-BF4B-00C04F79EFBC}") = "MyNN.MLP.Classic.ForwardPropagation", "MyNN.MLP.Classic.ForwardPropagation\MyNN.MLP.Classic.ForwardPropagation.csproj", "{AB04B9C9-BAAB-4394-A14D-0662526C8725}"
EndProject
Project("{2150E333-8FDC-42A3-9474-1A3956D46DE8}") = "Boltzmann", "Boltzmann", "{477C968D-33D3-4260-AC9F-53EA2E32CF9B}"
EndProject
Project("{2150E333-8FDC-42A3-9474-1A3956D46DE8}") = "KNN", "KNN", "{181E3877-8616-40F9-BD4D-C1B7A626B355}"
EndProject
Project("{FAE04EC0-301F-11D3-BF4B-00C04F79EFBC}") = "MyNN.MLP.DropConnect.ForwardPropagation", "MyNN.MLP.DropConnect.ForwardPropagation\MyNN.MLP.DropConnect.ForwardPropagation.csproj", "{03082D83-3645-4CF8-A1C7-BD4B5CFC7FE0}"
EndProject
Project("{2150E333-8FDC-42A3-9474-1A3956D46DE8}") = "Boosting", "Boosting", "{6C8B76F7-E07B-414A-B8C8-51AF8854C768}"
EndProject
Project("{FAE04EC0-301F-11D3-BF4B-00C04F79EFBC}") = "MyNN.Boosting", "MyNN.Boosting\MyNN.Boosting.csproj", "{A284F716-AF89-48D6-AC96-BBCC25B8DAE4}"
EndProject
Project("{FAE04EC0-301F-11D3-BF4B-00C04F79EFBC}") = "MyNN.NCA", "MyNN.NCA\MyNN.NCA.csproj", "{81AA99E5-5458-4B50-BB67-F20F4783E180}"
EndProject
Project("{2150E333-8FDC-42A3-9474-1A3956D46DE8}") = "NCA", "NCA", "{ED17554A-A886-47C0-BB62-32D13E621BDF}"
EndProject
Project("{FAE04EC0-301F-11D3-BF4B-00C04F79EFBC}") = "MyNN.MLP.DropConnect.Inferencer", "MyNN.MLP.DropConnect.Inferencer\MyNN.MLP.DropConnect.Inferencer.csproj", "{A8501494-9230-4FB0-B2F7-E84B31E9E63A}"
EndProject
Project("{2150E333-8FDC-42A3-9474-1A3956D46DE8}") = "Dropout", "Dropout", "{E21F85CA-DCF4-4068-A735-CA006A30182F}"
EndProject
Project("{FAE04EC0-301F-11D3-BF4B-00C04F79EFBC}") = "MyNN.MLP.Dropout.ForwardPropagation", "MyNN.MLP.Dropout.ForwardPropagation\MyNN.MLP.Dropout.ForwardPropagation.csproj", "{1BF034A8-F0EB-4C94-B671-AB46FBB93E97}"
EndProject
Project("{FAE04EC0-301F-11D3-BF4B-00C04F79EFBC}") = "MyNN.Mask", "MyNN.Mask\MyNN.Mask.csproj", "{07ADBCE4-B675-450A-A38D-A83B475B62F1}"
EndProject
Project("{FAE04EC0-301F-11D3-BF4B-00C04F79EFBC}") = "MyNN.MLP.Dropout", "MyNN.MLP.Dropout\MyNN.MLP.Dropout.csproj", "{1C8AF3A1-E95B-43A2-AF1E-6238A89AB53C}"
EndProject
Global
	GlobalSection(TestCaseManagementSettings) = postSolution
		CategoryFile = MyNN.vsmdi
	EndGlobalSection
	GlobalSection(SolutionConfigurationPlatforms) = preSolution
		Debug|Any CPU = Debug|Any CPU
		Debug|x64 = Debug|x64
		Debug|x86 = Debug|x86
		Release|Any CPU = Release|Any CPU
		Release|x64 = Release|x64
		Release|x86 = Release|x86
	EndGlobalSection
	GlobalSection(ProjectConfigurationPlatforms) = postSolution
		{0D8AC7A6-61BE-4503-B3E9-63B4BA0560C5}.Debug|Any CPU.ActiveCfg = Debug|Any CPU
		{0D8AC7A6-61BE-4503-B3E9-63B4BA0560C5}.Debug|Any CPU.Build.0 = Debug|Any CPU
		{0D8AC7A6-61BE-4503-B3E9-63B4BA0560C5}.Debug|x64.ActiveCfg = Debug|x64
		{0D8AC7A6-61BE-4503-B3E9-63B4BA0560C5}.Debug|x64.Build.0 = Debug|x64
		{0D8AC7A6-61BE-4503-B3E9-63B4BA0560C5}.Debug|x86.ActiveCfg = Debug|x86
		{0D8AC7A6-61BE-4503-B3E9-63B4BA0560C5}.Debug|x86.Build.0 = Debug|x86
		{0D8AC7A6-61BE-4503-B3E9-63B4BA0560C5}.Release|Any CPU.ActiveCfg = Release|Any CPU
		{0D8AC7A6-61BE-4503-B3E9-63B4BA0560C5}.Release|Any CPU.Build.0 = Release|Any CPU
		{0D8AC7A6-61BE-4503-B3E9-63B4BA0560C5}.Release|x64.ActiveCfg = Release|x64
		{0D8AC7A6-61BE-4503-B3E9-63B4BA0560C5}.Release|x64.Build.0 = Release|x64
		{0D8AC7A6-61BE-4503-B3E9-63B4BA0560C5}.Release|x86.ActiveCfg = Release|x86
		{0D8AC7A6-61BE-4503-B3E9-63B4BA0560C5}.Release|x86.Build.0 = Release|x86
		{7053F7AA-E7AE-4FE9-9FC9-BC2AE6D4E123}.Debug|Any CPU.ActiveCfg = Debug|Any CPU
		{7053F7AA-E7AE-4FE9-9FC9-BC2AE6D4E123}.Debug|Any CPU.Build.0 = Debug|Any CPU
		{7053F7AA-E7AE-4FE9-9FC9-BC2AE6D4E123}.Debug|x64.ActiveCfg = Debug|x64
		{7053F7AA-E7AE-4FE9-9FC9-BC2AE6D4E123}.Debug|x64.Build.0 = Debug|x64
		{7053F7AA-E7AE-4FE9-9FC9-BC2AE6D4E123}.Debug|x86.ActiveCfg = Debug|Any CPU
		{7053F7AA-E7AE-4FE9-9FC9-BC2AE6D4E123}.Release|Any CPU.ActiveCfg = Release|Any CPU
		{7053F7AA-E7AE-4FE9-9FC9-BC2AE6D4E123}.Release|Any CPU.Build.0 = Release|Any CPU
		{7053F7AA-E7AE-4FE9-9FC9-BC2AE6D4E123}.Release|x64.ActiveCfg = Release|x64
		{7053F7AA-E7AE-4FE9-9FC9-BC2AE6D4E123}.Release|x64.Build.0 = Release|x64
		{7053F7AA-E7AE-4FE9-9FC9-BC2AE6D4E123}.Release|x86.ActiveCfg = Release|Any CPU
		{1C871681-737C-45F4-9CE4-045366491A46}.Debug|Any CPU.ActiveCfg = Debug|Any CPU
		{1C871681-737C-45F4-9CE4-045366491A46}.Debug|Any CPU.Build.0 = Debug|Any CPU
		{1C871681-737C-45F4-9CE4-045366491A46}.Debug|x64.ActiveCfg = Debug|x64
		{1C871681-737C-45F4-9CE4-045366491A46}.Debug|x64.Build.0 = Debug|x64
		{1C871681-737C-45F4-9CE4-045366491A46}.Debug|x86.ActiveCfg = Debug|Any CPU
		{1C871681-737C-45F4-9CE4-045366491A46}.Release|Any CPU.ActiveCfg = Release|Any CPU
		{1C871681-737C-45F4-9CE4-045366491A46}.Release|Any CPU.Build.0 = Release|Any CPU
		{1C871681-737C-45F4-9CE4-045366491A46}.Release|x64.ActiveCfg = Release|x64
		{1C871681-737C-45F4-9CE4-045366491A46}.Release|x64.Build.0 = Release|x64
		{1C871681-737C-45F4-9CE4-045366491A46}.Release|x86.ActiveCfg = Release|Any CPU
		{A405C95D-FECE-488D-A6A4-B8C6FA184880}.Debug|Any CPU.ActiveCfg = Debug|Any CPU
		{A405C95D-FECE-488D-A6A4-B8C6FA184880}.Debug|Any CPU.Build.0 = Debug|Any CPU
		{A405C95D-FECE-488D-A6A4-B8C6FA184880}.Debug|x64.ActiveCfg = Debug|x64
		{A405C95D-FECE-488D-A6A4-B8C6FA184880}.Debug|x64.Build.0 = Debug|x64
		{A405C95D-FECE-488D-A6A4-B8C6FA184880}.Debug|x86.ActiveCfg = Debug|Any CPU
		{A405C95D-FECE-488D-A6A4-B8C6FA184880}.Release|Any CPU.ActiveCfg = Release|Any CPU
		{A405C95D-FECE-488D-A6A4-B8C6FA184880}.Release|Any CPU.Build.0 = Release|Any CPU
		{A405C95D-FECE-488D-A6A4-B8C6FA184880}.Release|x64.ActiveCfg = Release|x64
		{A405C95D-FECE-488D-A6A4-B8C6FA184880}.Release|x64.Build.0 = Release|x64
		{A405C95D-FECE-488D-A6A4-B8C6FA184880}.Release|x86.ActiveCfg = Release|Any CPU
		{2E34B41A-E15F-434C-9554-9BDF5F4ECCC9}.Debug|Any CPU.ActiveCfg = Debug|Any CPU
		{2E34B41A-E15F-434C-9554-9BDF5F4ECCC9}.Debug|Any CPU.Build.0 = Debug|Any CPU
		{2E34B41A-E15F-434C-9554-9BDF5F4ECCC9}.Debug|x64.ActiveCfg = Debug|Any CPU
		{2E34B41A-E15F-434C-9554-9BDF5F4ECCC9}.Debug|x86.ActiveCfg = Debug|Any CPU
		{2E34B41A-E15F-434C-9554-9BDF5F4ECCC9}.Release|Any CPU.ActiveCfg = Release|Any CPU
		{2E34B41A-E15F-434C-9554-9BDF5F4ECCC9}.Release|Any CPU.Build.0 = Release|Any CPU
		{2E34B41A-E15F-434C-9554-9BDF5F4ECCC9}.Release|x64.ActiveCfg = Release|Any CPU
		{2E34B41A-E15F-434C-9554-9BDF5F4ECCC9}.Release|x86.ActiveCfg = Release|Any CPU
		{4571E6E7-2081-4B82-BBCA-4B0110AD7FE4}.Debug|Any CPU.ActiveCfg = Debug|Any CPU
		{4571E6E7-2081-4B82-BBCA-4B0110AD7FE4}.Debug|Any CPU.Build.0 = Debug|Any CPU
		{4571E6E7-2081-4B82-BBCA-4B0110AD7FE4}.Debug|x64.ActiveCfg = Debug|Any CPU
		{4571E6E7-2081-4B82-BBCA-4B0110AD7FE4}.Debug|x86.ActiveCfg = Debug|Any CPU
		{4571E6E7-2081-4B82-BBCA-4B0110AD7FE4}.Release|Any CPU.ActiveCfg = Release|Any CPU
		{4571E6E7-2081-4B82-BBCA-4B0110AD7FE4}.Release|Any CPU.Build.0 = Release|Any CPU
		{4571E6E7-2081-4B82-BBCA-4B0110AD7FE4}.Release|x64.ActiveCfg = Release|Any CPU
		{4571E6E7-2081-4B82-BBCA-4B0110AD7FE4}.Release|x86.ActiveCfg = Release|Any CPU
		{38425657-EBED-4875-9931-8DBA640203BE}.Debug|Any CPU.ActiveCfg = Debug|Any CPU
		{38425657-EBED-4875-9931-8DBA640203BE}.Debug|Any CPU.Build.0 = Debug|Any CPU
		{38425657-EBED-4875-9931-8DBA640203BE}.Debug|x64.ActiveCfg = Debug|Any CPU
		{38425657-EBED-4875-9931-8DBA640203BE}.Debug|x86.ActiveCfg = Debug|Any CPU
		{38425657-EBED-4875-9931-8DBA640203BE}.Release|Any CPU.ActiveCfg = Release|Any CPU
		{38425657-EBED-4875-9931-8DBA640203BE}.Release|Any CPU.Build.0 = Release|Any CPU
		{38425657-EBED-4875-9931-8DBA640203BE}.Release|x64.ActiveCfg = Release|Any CPU
		{38425657-EBED-4875-9931-8DBA640203BE}.Release|x86.ActiveCfg = Release|Any CPU
		{3FFF29DB-D717-48CB-A221-37F3E397A80E}.Debug|Any CPU.ActiveCfg = Debug|Any CPU
		{3FFF29DB-D717-48CB-A221-37F3E397A80E}.Debug|Any CPU.Build.0 = Debug|Any CPU
		{3FFF29DB-D717-48CB-A221-37F3E397A80E}.Debug|x64.ActiveCfg = Debug|Any CPU
		{3FFF29DB-D717-48CB-A221-37F3E397A80E}.Debug|x86.ActiveCfg = Debug|Any CPU
		{3FFF29DB-D717-48CB-A221-37F3E397A80E}.Release|Any CPU.ActiveCfg = Release|Any CPU
		{3FFF29DB-D717-48CB-A221-37F3E397A80E}.Release|Any CPU.Build.0 = Release|Any CPU
		{3FFF29DB-D717-48CB-A221-37F3E397A80E}.Release|x64.ActiveCfg = Release|Any CPU
		{3FFF29DB-D717-48CB-A221-37F3E397A80E}.Release|x86.ActiveCfg = Release|Any CPU
		{5843D1AD-3601-4738-89AB-1151CCAD167B}.Debug|Any CPU.ActiveCfg = Debug|Any CPU
		{5843D1AD-3601-4738-89AB-1151CCAD167B}.Debug|Any CPU.Build.0 = Debug|Any CPU
		{5843D1AD-3601-4738-89AB-1151CCAD167B}.Debug|x64.ActiveCfg = Debug|Any CPU
		{5843D1AD-3601-4738-89AB-1151CCAD167B}.Debug|x86.ActiveCfg = Debug|Any CPU
		{5843D1AD-3601-4738-89AB-1151CCAD167B}.Release|Any CPU.ActiveCfg = Release|Any CPU
		{5843D1AD-3601-4738-89AB-1151CCAD167B}.Release|Any CPU.Build.0 = Release|Any CPU
		{5843D1AD-3601-4738-89AB-1151CCAD167B}.Release|x64.ActiveCfg = Release|Any CPU
		{5843D1AD-3601-4738-89AB-1151CCAD167B}.Release|x86.ActiveCfg = Release|Any CPU
		{6B97FBA5-C72D-4BEA-88FB-D2C2C115E470}.Debug|Any CPU.ActiveCfg = Debug|Any CPU
		{6B97FBA5-C72D-4BEA-88FB-D2C2C115E470}.Debug|Any CPU.Build.0 = Debug|Any CPU
		{6B97FBA5-C72D-4BEA-88FB-D2C2C115E470}.Debug|x64.ActiveCfg = Debug|Any CPU
		{6B97FBA5-C72D-4BEA-88FB-D2C2C115E470}.Debug|x86.ActiveCfg = Debug|Any CPU
		{6B97FBA5-C72D-4BEA-88FB-D2C2C115E470}.Release|Any CPU.ActiveCfg = Release|Any CPU
		{6B97FBA5-C72D-4BEA-88FB-D2C2C115E470}.Release|Any CPU.Build.0 = Release|Any CPU
		{6B97FBA5-C72D-4BEA-88FB-D2C2C115E470}.Release|x64.ActiveCfg = Release|Any CPU
		{6B97FBA5-C72D-4BEA-88FB-D2C2C115E470}.Release|x86.ActiveCfg = Release|Any CPU
		{5A82E05A-C2DA-42F4-A5F7-C79355E48E5F}.Debug|Any CPU.ActiveCfg = Debug|Any CPU
		{5A82E05A-C2DA-42F4-A5F7-C79355E48E5F}.Debug|Any CPU.Build.0 = Debug|Any CPU
		{5A82E05A-C2DA-42F4-A5F7-C79355E48E5F}.Debug|x64.ActiveCfg = Debug|Any CPU
		{5A82E05A-C2DA-42F4-A5F7-C79355E48E5F}.Debug|x86.ActiveCfg = Debug|Any CPU
		{5A82E05A-C2DA-42F4-A5F7-C79355E48E5F}.Release|Any CPU.ActiveCfg = Release|Any CPU
		{5A82E05A-C2DA-42F4-A5F7-C79355E48E5F}.Release|Any CPU.Build.0 = Release|Any CPU
		{5A82E05A-C2DA-42F4-A5F7-C79355E48E5F}.Release|x64.ActiveCfg = Release|Any CPU
		{5A82E05A-C2DA-42F4-A5F7-C79355E48E5F}.Release|x86.ActiveCfg = Release|Any CPU
		{AB04B9C9-BAAB-4394-A14D-0662526C8725}.Debug|Any CPU.ActiveCfg = Debug|Any CPU
		{AB04B9C9-BAAB-4394-A14D-0662526C8725}.Debug|Any CPU.Build.0 = Debug|Any CPU
		{AB04B9C9-BAAB-4394-A14D-0662526C8725}.Debug|x64.ActiveCfg = Debug|Any CPU
		{AB04B9C9-BAAB-4394-A14D-0662526C8725}.Debug|x86.ActiveCfg = Debug|Any CPU
		{AB04B9C9-BAAB-4394-A14D-0662526C8725}.Release|Any CPU.ActiveCfg = Release|Any CPU
		{AB04B9C9-BAAB-4394-A14D-0662526C8725}.Release|Any CPU.Build.0 = Release|Any CPU
		{AB04B9C9-BAAB-4394-A14D-0662526C8725}.Release|x64.ActiveCfg = Release|Any CPU
		{AB04B9C9-BAAB-4394-A14D-0662526C8725}.Release|x86.ActiveCfg = Release|Any CPU
		{03082D83-3645-4CF8-A1C7-BD4B5CFC7FE0}.Debug|Any CPU.ActiveCfg = Debug|Any CPU
		{03082D83-3645-4CF8-A1C7-BD4B5CFC7FE0}.Debug|Any CPU.Build.0 = Debug|Any CPU
		{03082D83-3645-4CF8-A1C7-BD4B5CFC7FE0}.Debug|x64.ActiveCfg = Debug|Any CPU
		{03082D83-3645-4CF8-A1C7-BD4B5CFC7FE0}.Debug|x86.ActiveCfg = Debug|Any CPU
		{03082D83-3645-4CF8-A1C7-BD4B5CFC7FE0}.Release|Any CPU.ActiveCfg = Release|Any CPU
		{03082D83-3645-4CF8-A1C7-BD4B5CFC7FE0}.Release|Any CPU.Build.0 = Release|Any CPU
		{03082D83-3645-4CF8-A1C7-BD4B5CFC7FE0}.Release|x64.ActiveCfg = Release|Any CPU
		{03082D83-3645-4CF8-A1C7-BD4B5CFC7FE0}.Release|x86.ActiveCfg = Release|Any CPU
		{A284F716-AF89-48D6-AC96-BBCC25B8DAE4}.Debug|Any CPU.ActiveCfg = Debug|Any CPU
		{A284F716-AF89-48D6-AC96-BBCC25B8DAE4}.Debug|Any CPU.Build.0 = Debug|Any CPU
		{A284F716-AF89-48D6-AC96-BBCC25B8DAE4}.Debug|x64.ActiveCfg = Debug|Any CPU
		{A284F716-AF89-48D6-AC96-BBCC25B8DAE4}.Debug|x86.ActiveCfg = Debug|Any CPU
		{A284F716-AF89-48D6-AC96-BBCC25B8DAE4}.Release|Any CPU.ActiveCfg = Release|Any CPU
		{A284F716-AF89-48D6-AC96-BBCC25B8DAE4}.Release|Any CPU.Build.0 = Release|Any CPU
		{A284F716-AF89-48D6-AC96-BBCC25B8DAE4}.Release|x64.ActiveCfg = Release|Any CPU
		{A284F716-AF89-48D6-AC96-BBCC25B8DAE4}.Release|x86.ActiveCfg = Release|Any CPU
		{81AA99E5-5458-4B50-BB67-F20F4783E180}.Debug|Any CPU.ActiveCfg = Debug|Any CPU
		{81AA99E5-5458-4B50-BB67-F20F4783E180}.Debug|Any CPU.Build.0 = Debug|Any CPU
		{81AA99E5-5458-4B50-BB67-F20F4783E180}.Debug|x64.ActiveCfg = Debug|Any CPU
		{81AA99E5-5458-4B50-BB67-F20F4783E180}.Debug|x86.ActiveCfg = Debug|Any CPU
		{81AA99E5-5458-4B50-BB67-F20F4783E180}.Release|Any CPU.ActiveCfg = Release|Any CPU
		{81AA99E5-5458-4B50-BB67-F20F4783E180}.Release|Any CPU.Build.0 = Release|Any CPU
		{81AA99E5-5458-4B50-BB67-F20F4783E180}.Release|x64.ActiveCfg = Release|Any CPU
		{81AA99E5-5458-4B50-BB67-F20F4783E180}.Release|x86.ActiveCfg = Release|Any CPU
		{A8501494-9230-4FB0-B2F7-E84B31E9E63A}.Debug|Any CPU.ActiveCfg = Debug|Any CPU
		{A8501494-9230-4FB0-B2F7-E84B31E9E63A}.Debug|Any CPU.Build.0 = Debug|Any CPU
		{A8501494-9230-4FB0-B2F7-E84B31E9E63A}.Debug|x64.ActiveCfg = Debug|Any CPU
		{A8501494-9230-4FB0-B2F7-E84B31E9E63A}.Debug|x86.ActiveCfg = Debug|Any CPU
		{A8501494-9230-4FB0-B2F7-E84B31E9E63A}.Release|Any CPU.ActiveCfg = Release|Any CPU
		{A8501494-9230-4FB0-B2F7-E84B31E9E63A}.Release|Any CPU.Build.0 = Release|Any CPU
		{A8501494-9230-4FB0-B2F7-E84B31E9E63A}.Release|x64.ActiveCfg = Release|Any CPU
		{A8501494-9230-4FB0-B2F7-E84B31E9E63A}.Release|x86.ActiveCfg = Release|Any CPU
		{1BF034A8-F0EB-4C94-B671-AB46FBB93E97}.Debug|Any CPU.ActiveCfg = Debug|Any CPU
		{1BF034A8-F0EB-4C94-B671-AB46FBB93E97}.Debug|Any CPU.Build.0 = Debug|Any CPU
		{1BF034A8-F0EB-4C94-B671-AB46FBB93E97}.Debug|x64.ActiveCfg = Debug|Any CPU
		{1BF034A8-F0EB-4C94-B671-AB46FBB93E97}.Debug|x86.ActiveCfg = Debug|Any CPU
		{1BF034A8-F0EB-4C94-B671-AB46FBB93E97}.Release|Any CPU.ActiveCfg = Release|Any CPU
		{1BF034A8-F0EB-4C94-B671-AB46FBB93E97}.Release|Any CPU.Build.0 = Release|Any CPU
		{1BF034A8-F0EB-4C94-B671-AB46FBB93E97}.Release|x64.ActiveCfg = Release|Any CPU
		{1BF034A8-F0EB-4C94-B671-AB46FBB93E97}.Release|x86.ActiveCfg = Release|Any CPU
		{07ADBCE4-B675-450A-A38D-A83B475B62F1}.Debug|Any CPU.ActiveCfg = Debug|Any CPU
		{07ADBCE4-B675-450A-A38D-A83B475B62F1}.Debug|Any CPU.Build.0 = Debug|Any CPU
		{07ADBCE4-B675-450A-A38D-A83B475B62F1}.Debug|x64.ActiveCfg = Debug|Any CPU
		{07ADBCE4-B675-450A-A38D-A83B475B62F1}.Debug|x86.ActiveCfg = Debug|Any CPU
		{07ADBCE4-B675-450A-A38D-A83B475B62F1}.Release|Any CPU.ActiveCfg = Release|Any CPU
		{07ADBCE4-B675-450A-A38D-A83B475B62F1}.Release|Any CPU.Build.0 = Release|Any CPU
		{07ADBCE4-B675-450A-A38D-A83B475B62F1}.Release|x64.ActiveCfg = Release|Any CPU
		{07ADBCE4-B675-450A-A38D-A83B475B62F1}.Release|x86.ActiveCfg = Release|Any CPU
		{1C8AF3A1-E95B-43A2-AF1E-6238A89AB53C}.Debug|Any CPU.ActiveCfg = Debug|Any CPU
		{1C8AF3A1-E95B-43A2-AF1E-6238A89AB53C}.Debug|Any CPU.Build.0 = Debug|Any CPU
		{1C8AF3A1-E95B-43A2-AF1E-6238A89AB53C}.Debug|x64.ActiveCfg = Debug|Any CPU
		{1C8AF3A1-E95B-43A2-AF1E-6238A89AB53C}.Debug|x86.ActiveCfg = Debug|Any CPU
		{1C8AF3A1-E95B-43A2-AF1E-6238A89AB53C}.Release|Any CPU.ActiveCfg = Release|Any CPU
		{1C8AF3A1-E95B-43A2-AF1E-6238A89AB53C}.Release|Any CPU.Build.0 = Release|Any CPU
		{1C8AF3A1-E95B-43A2-AF1E-6238A89AB53C}.Release|x64.ActiveCfg = Release|Any CPU
		{1C8AF3A1-E95B-43A2-AF1E-6238A89AB53C}.Release|x86.ActiveCfg = Release|Any CPU
	EndGlobalSection
	GlobalSection(SolutionProperties) = preSolution
		HideSolutionNode = FALSE
	EndGlobalSection
	GlobalSection(NestedProjects) = preSolution
		{2E34B41A-E15F-434C-9554-9BDF5F4ECCC9} = {595D62B6-F207-41CC-B427-43F7CF8E799C}
		{181E3877-8616-40F9-BD4D-C1B7A626B355} = {595D62B6-F207-41CC-B427-43F7CF8E799C}
		{477C968D-33D3-4260-AC9F-53EA2E32CF9B} = {595D62B6-F207-41CC-B427-43F7CF8E799C}
		{7053F7AA-E7AE-4FE9-9FC9-BC2AE6D4E123} = {595D62B6-F207-41CC-B427-43F7CF8E799C}
		{62E6909B-78F7-4930-A790-FAB1F0205454} = {595D62B6-F207-41CC-B427-43F7CF8E799C}
		{6C8B76F7-E07B-414A-B8C8-51AF8854C768} = {595D62B6-F207-41CC-B427-43F7CF8E799C}
		{ED17554A-A886-47C0-BB62-32D13E621BDF} = {595D62B6-F207-41CC-B427-43F7CF8E799C}
		{07ADBCE4-B675-450A-A38D-A83B475B62F1} = {595D62B6-F207-41CC-B427-43F7CF8E799C}
		{A405C95D-FECE-488D-A6A4-B8C6FA184880} = {E1D26986-4778-414E-95A3-A6ACC93E96E7}
		{1C871681-737C-45F4-9CE4-045366491A46} = {E1D26986-4778-414E-95A3-A6ACC93E96E7}
		{4571E6E7-2081-4B82-BBCA-4B0110AD7FE4} = {181E3877-8616-40F9-BD4D-C1B7A626B355}
		{38425657-EBED-4875-9931-8DBA640203BE} = {477C968D-33D3-4260-AC9F-53EA2E32CF9B}
		{3FFF29DB-D717-48CB-A221-37F3E397A80E} = {62E6909B-78F7-4930-A790-FAB1F0205454}
		{913B603D-BE1A-4352-B10D-2E0E931ABC05} = {62E6909B-78F7-4930-A790-FAB1F0205454}
		{C7644C16-3A9C-4FF5-B66F-B60E4C05452F} = {62E6909B-78F7-4930-A790-FAB1F0205454}
		{F1063780-DD53-4794-940B-120B36B41FA8} = {62E6909B-78F7-4930-A790-FAB1F0205454}
		{E21F85CA-DCF4-4068-A735-CA006A30182F} = {62E6909B-78F7-4930-A790-FAB1F0205454}
		{5843D1AD-3601-4738-89AB-1151CCAD167B} = {913B603D-BE1A-4352-B10D-2E0E931ABC05}
		{AB04B9C9-BAAB-4394-A14D-0662526C8725} = {913B603D-BE1A-4352-B10D-2E0E931ABC05}
		{6B97FBA5-C72D-4BEA-88FB-D2C2C115E470} = {C7644C16-3A9C-4FF5-B66F-B60E4C05452F}
		{03082D83-3645-4CF8-A1C7-BD4B5CFC7FE0} = {C7644C16-3A9C-4FF5-B66F-B60E4C05452F}
		{A8501494-9230-4FB0-B2F7-E84B31E9E63A} = {C7644C16-3A9C-4FF5-B66F-B60E4C05452F}
		{5A82E05A-C2DA-42F4-A5F7-C79355E48E5F} = {F1063780-DD53-4794-940B-120B36B41FA8}
		{A284F716-AF89-48D6-AC96-BBCC25B8DAE4} = {6C8B76F7-E07B-414A-B8C8-51AF8854C768}
		{81AA99E5-5458-4B50-BB67-F20F4783E180} = {ED17554A-A886-47C0-BB62-32D13E621BDF}
		{1BF034A8-F0EB-4C94-B671-AB46FBB93E97} = {E21F85CA-DCF4-4068-A735-CA006A30182F}
		{1C8AF3A1-E95B-43A2-AF1E-6238A89AB53C} = {E21F85CA-DCF4-4068-A735-CA006A30182F}
	EndGlobalSection
EndGlobal
